
Microsoft Visual Studio Solution File, Format Version 12.00
# Visual Studio 15
VisualStudioVersion = 15.0.26430.16
MinimumVisualStudioVersion = 10.0.40219.1
Project("{FAE04EC0-301F-11D3-BF4B-00C04F79EFBC}") = "Uvodni", "ConsoleApp1\Uvodni.csproj", "{31F30331-D9D7-4529-9C4C-B096F2654F21}"
EndProject
Project("{FAE04EC0-301F-11D3-BF4B-00C04F79EFBC}") = "Zbroj", "Zbroj\Zbroj.csproj", "{ED6EE9C5-4FD0-4B1D-8D20-55BDE1F655CD}"
EndProject
Project("{2150E333-8FDC-42A3-9474-1A3956D46DE8}") = "4.1_Uvod", "4.1_Uvod", "{367D78EA-B74E-4706-B146-16C12B8AA9CE}"
EndProject
Project("{FAE04EC0-301F-11D3-BF4B-00C04F79EFBC}") = "Hello", "Hello\Hello.csproj", "{42C18B65-4D0F-471D-85D3-8BB35A6AB478}"
EndProject
Project("{FAE04EC0-301F-11D3-BF4B-00C04F79EFBC}") = "Ispis brojeva", "Ispis brojeva\Ispis brojeva.csproj", "{2A14503D-685E-4D41-8D83-2733730061F8}"
EndProject
Project("{FAE04EC0-301F-11D3-BF4B-00C04F79EFBC}") = "Temperatura vode", "Temperatura vode\Temperatura vode.csproj", "{38A543DD-B080-4ACE-9C8E-99A88FCA26DC}"
EndProject
Project("{2150E333-8FDC-42A3-9474-1A3956D46DE8}") = "5.1_varijable", "5.1_varijable", "{E21F5001-67F7-4402-B087-85ECB422D175}"
EndProject
Project("{FAE04EC0-301F-11D3-BF4B-00C04F79EFBC}") = "zbroj_razlika", "zbroj_razlika\zbroj_razlika.csproj", "{CE62EC34-3313-44E1-98F4-1C26F309D96E}"
EndProject
Project("{FAE04EC0-301F-11D3-BF4B-00C04F79EFBC}") = "umnozak_kvocijent", "umnozak_kvocijent\umnozak_kvocijent.csproj", "{BA42C455-F9BB-4A9B-8779-8D6D90EAC952}"
EndProject
Project("{2150E333-8FDC-42A3-9474-1A3956D46DE8}") = "5.2_Uvjetno_grananje", "5.2_Uvjetno_grananje", "{D098E9D1-116C-40FF-A28F-21F761FA584E}"
EndProject
Project("{FAE04EC0-301F-11D3-BF4B-00C04F79EFBC}") = "Priručnik", "Priručnik\Priručnik.csproj", "{8090EF01-44FF-4AFB-8AC3-EEB2A5EBB64A}"
EndProject
Project("{FAE04EC0-301F-11D3-BF4B-00C04F79EFBC}") = "primjer_5.2.1.2_pozitivan", "primjer_5.2.1.2_pozitivan\primjer_5.2.1.2_pozitivan.csproj", "{65810642-0712-45C7-AC02-6E329E344168}"
EndProject
Project("{FAE04EC0-301F-11D3-BF4B-00C04F79EFBC}") = "primjer_5.2.2.switch", "primjer_5.2.2.switch\primjer_5.2.2.switch.csproj", "{B0C36F00-CB14-4F13-9FE1-AC1205D3F997}"
EndProject
Project("{FAE04EC0-301F-11D3-BF4B-00C04F79EFBC}") = "5.2.3.exception_primjer", "5.2.3.exception_primjer\5.2.3.exception_primjer.csproj", "{4F3947A6-94F7-4561-935B-6935A1A87A57}"
EndProject
Project("{FAE04EC0-301F-11D3-BF4B-00C04F79EFBC}") = "Primjer 5.2.4.2", "Primjer 5.2.4.2\Primjer 5.2.4.2.csproj", "{8CC1FC4A-C038-4DF2-AA5A-887148297E23}"
EndProject
Project("{FAE04EC0-301F-11D3-BF4B-00C04F79EFBC}") = "Primjer_5.2.4.3", "Primjer_5.2.4.3\Primjer_5.2.4.3.csproj", "{9F27BB0D-6AC4-4BA1-A855-41DF79D75FAB}"
EndProject
Project("{FAE04EC0-301F-11D3-BF4B-00C04F79EFBC}") = "Primjer_5.2.5", "Primjer_5.2.5\Primjer_5.2.5.csproj", "{1B04846C-DA50-4CDF-B0C9-3FFCC3D3D9D1}"
EndProject
Project("{FAE04EC0-301F-11D3-BF4B-00C04F79EFBC}") = "Velik_broj", "Velik_broj\Velik_broj.csproj", "{87C4CCE6-C2C9-4850-BA06-C78CEEFD2ED4}"
EndProject
Project("{FAE04EC0-301F-11D3-BF4B-00C04F79EFBC}") = "X-znamenkasti_broj", "X-znamenkasti_broj\X-znamenkasti_broj.csproj", "{92728DF9-91D0-4AEF-A15F-DE5B17A3B433}"
EndProject
Project("{FAE04EC0-301F-11D3-BF4B-00C04F79EFBC}") = "U_intervalu", "U_intervalu\U_intervalu.csproj", "{157522A4-C3D3-4105-9439-EE42F4F31B1A}"
EndProject
Project("{FAE04EC0-301F-11D3-BF4B-00C04F79EFBC}") = "Dobar_broj_1", "Dobar_broj_1\Dobar_broj_1.csproj", "{B95E556E-8432-4417-9D9C-736CC563A6A1}"
EndProject
Project("{FAE04EC0-301F-11D3-BF4B-00C04F79EFBC}") = "Dobar_broj_2", "Dobar_broj_2\Dobar_broj_2.csproj", "{8A56B65D-338A-4EB2-9DA6-6C56F46A5CC1}"
EndProject
Project("{FAE04EC0-301F-11D3-BF4B-00C04F79EFBC}") = "Paran_neparan_djeljiv_s_3", "Paran_neparan_djeljiv_s_3\Paran_neparan_djeljiv_s_3.csproj", "{24D52AB5-1082-498D-B215-B005948845B3}"
EndProject
Project("{FAE04EC0-301F-11D3-BF4B-00C04F79EFBC}") = "Prijestupna_godina", "Prijestupna_godina\Prijestupna_godina.csproj", "{1D4F1A15-6EFC-44E7-B212-91D098779DAA}"
EndProject
Project("{FAE04EC0-301F-11D3-BF4B-00C04F79EFBC}") = "Dijeljenje", "Dijeljenje\Dijeljenje.csproj", "{C77F2202-2697-470D-A2C6-1214B98D7FC7}"
EndProject
Project("{2150E333-8FDC-42A3-9474-1A3956D46DE8}") = "cikličke_petlje", "cikličke_petlje", "{466E5B83-FA84-4A9F-A599-801CCFE77F2A}"
EndProject
Project("{FAE04EC0-301F-11D3-BF4B-00C04F79EFBC}") = "petlje", "petlje\petlje.csproj", "{462FC029-6F70-4BD2-97D5-0FC6628DCF65}"
EndProject
Project("{FAE04EC0-301F-11D3-BF4B-00C04F79EFBC}") = "Primjer_5_3_1_1_FOR", "Primjer_5_3_1_1_FOR\Primjer_5_3_1_1_FOR.csproj", "{87205C1C-EB71-4BF2-B39B-619D72466D2A}"
EndProject
Project("{2150E333-8FDC-42A3-9474-1A3956D46DE8}") = "Petlja_primjeri_while", "Petlja_primjeri_while", "{F4D5BC4A-09EB-43BE-A040-DCCA7D24A299}"
EndProject
Project("{FAE04EC0-301F-11D3-BF4B-00C04F79EFBC}") = "While", "While\While.csproj", "{C5A01090-F0AE-4FF3-B54E-C93CF6B061A4}"
EndProject
Project("{FAE04EC0-301F-11D3-BF4B-00C04F79EFBC}") = "Neparni_do_20", "Neparni_do_20\Neparni_do_20.csproj", "{F0E741BF-92F5-4EE6-B888-6C111855744D}"
EndProject
Project("{FAE04EC0-301F-11D3-BF4B-00C04F79EFBC}") = "Suma_prvih_100_brojeva", "Suma_prvih_100_brojeva\Suma_prvih_100_brojeva.csproj", "{164625C4-3850-44D3-A387-5EE4D495B67F}"
EndProject
Project("{FAE04EC0-301F-11D3-BF4B-00C04F79EFBC}") = "Faktorijeli", "Faktorijeli\Faktorijeli.csproj", "{2BCB583F-2BFE-4839-BD24-5035CA0E37DE}"
EndProject
Project("{FAE04EC0-301F-11D3-BF4B-00C04F79EFBC}") = "Djeljivi_s_3", "Djeljivi_s_3\Djeljivi_s_3.csproj", "{71586DD5-6634-4EDC-A8BF-163904323827}"
EndProject
Project("{FAE04EC0-301F-11D3-BF4B-00C04F79EFBC}") = "7-3_ispis", "7-3_ispis\7-3_ispis.csproj", "{EE617FCD-50EB-4579-8D8C-C0A7738FFCE4}"
EndProject
Project("{FAE04EC0-301F-11D3-BF4B-00C04F79EFBC}") = "Djelitelji", "Djelitelji\Djelitelji.csproj", "{23CDA82C-A29D-4572-AA7B-F1F55C625776}"
EndProject
Project("{FAE04EC0-301F-11D3-BF4B-00C04F79EFBC}") = "Savrseni_brojevi", "Savrseni_brojevi\Savrseni_brojevi.csproj", "{C6BC7F00-4957-4EE4-9114-F1ADE321FB33}"
EndProject
Project("{FAE04EC0-301F-11D3-BF4B-00C04F79EFBC}") = "Min-max", "Min-max\Min-max.csproj", "{14B09731-C081-44EE-A464-0A04DEEEE5D9}"
EndProject
Project("{FAE04EC0-301F-11D3-BF4B-00C04F79EFBC}") = "Ispis_unatrag", "Ispis_unatrag\Ispis_unatrag.csproj", "{41E9DCA4-4B01-427A-8527-76256BDF0F5F}"
EndProject
Project("{FAE04EC0-301F-11D3-BF4B-00C04F79EFBC}") = "Potencije_2", "Potencije_2\Potencije_2.csproj", "{34214124-60E1-45DD-BC8D-C26316832303}"
EndProject
Project("{FAE04EC0-301F-11D3-BF4B-00C04F79EFBC}") = "Suma", "Suma\Suma.csproj", "{1A7F4A61-DEC1-4611-B6D9-D4FB8C18EAC9}"
EndProject
Project("{FAE04EC0-301F-11D3-BF4B-00C04F79EFBC}") = "Zavrsni_uspjeh", "Zavrsni_uspjeh\Zavrsni_uspjeh.csproj", "{C5D847FC-7130-4BE0-9DD1-A11013B4504B}"
EndProject
Project("{2150E333-8FDC-42A3-9474-1A3956D46DE8}") = "6.1_Nizovi", "6.1_Nizovi", "{5EF40FD0-9403-45E9-A38A-3752AA81A88C}"
EndProject
Project("{FAE04EC0-301F-11D3-BF4B-00C04F79EFBC}") = "6.1.1_primjeri", "6.1.1_primjeri\6.1.1_primjeri.csproj", "{CCBCE239-A489-4116-BD5F-137A3A51D4CD}"
EndProject
Project("{FAE04EC0-301F-11D3-BF4B-00C04F79EFBC}") = "6.2.1.1_primjer", "6.2.1.1_primjer\6.2.1.1_primjer.csproj", "{CD522E4F-EED8-4370-9F4A-E3B5D90559CB}"
EndProject
Project("{FAE04EC0-301F-11D3-BF4B-00C04F79EFBC}") = "6.1.2_max_niz", "6.1.2_max_niz\6.1.2_max_niz.csproj", "{235A444C-A81A-4C8E-BD58-837635DF6773}"
EndProject
Project("{FAE04EC0-301F-11D3-BF4B-00C04F79EFBC}") = "6.2.2_primjer_exception", "6.2.2_primjer_exception\6.2.2_primjer_exception.csproj", "{E48B4C89-31B0-4634-9A8E-EEF7D837F16C}"
EndProject
Project("{FAE04EC0-301F-11D3-BF4B-00C04F79EFBC}") = "6.2.3_generics", "6.2.3_primjer\6.2.3_generics.csproj", "{4DCCA2BA-4087-4A0E-82CE-DD32D278A848}"
EndProject
Project("{FAE04EC0-301F-11D3-BF4B-00C04F79EFBC}") = "6.2.2._zbirka_generic_par_nepar", "6.2.2._zbirka_generic_par_nepar\6.2.2._zbirka_generic_par_nepar.csproj", "{744AB201-A4BB-43E5-99FF-548061D790E2}"
EndProject
Project("{FAE04EC0-301F-11D3-BF4B-00C04F79EFBC}") = "6.2.3._sort", "6.2.3._sort\6.2.3._sort.csproj", "{A9EDB3A6-6E7D-4B9F-A8D9-3E58836C193C}"
EndProject
Project("{FAE04EC0-301F-11D3-BF4B-00C04F79EFBC}") = "6.2.4._znamenke", "6.2.4._znamenke\6.2.4._znamenke.csproj", "{817806D8-A9F4-4CF0-86F5-A6B39EA9895B}"
EndProject
Project("{FAE04EC0-301F-11D3-BF4B-00C04F79EFBC}") = "6.2.5_prosti_faktori", "6.2.5_prosti_faktori\6.2.5_prosti_faktori.csproj", "{7EAF577F-0415-4C99-A628-4A4F07AAF03A}"
EndProject
Project("{2150E333-8FDC-42A3-9474-1A3956D46DE8}") = "7.1_procedure", "7.1_procedure", "{2472ED72-AB27-4C5F-9795-B3EC7C2BBD34}"
EndProject
Project("{FAE04EC0-301F-11D3-BF4B-00C04F79EFBC}") = "7.2_potprogrami", "7.2_potprogrami\7.2_potprogrami.csproj", "{0963FD26-A163-43BF-A5F1-0ED541940610}"
EndProject
Project("{FAE04EC0-301F-11D3-BF4B-00C04F79EFBC}") = "7.2.2_primjer", "7.2.2_primjer\7.2.2_primjer.csproj", "{DE9A38C9-E51B-43A5-991E-EDCAFB646243}"
EndProject
Project("{2150E333-8FDC-42A3-9474-1A3956D46DE8}") = "8.1_Objekti", "8.1_Objekti", "{B52CD340-02EF-482B-9892-AEC8693F3C77}"
EndProject
Project("{FAE04EC0-301F-11D3-BF4B-00C04F79EFBC}") = "8.1.2._Prirucnik", "8.1.2._Prirucnik\8.1.2._Prirucnik.csproj", "{89DE0908-9038-49EB-B561-35B132565EBF}"
EndProject
Project("{FAE04EC0-301F-11D3-BF4B-00C04F79EFBC}") = "8.1.1_Proizvod", "8.1.1_Proizvod\8.1.1_Proizvod.csproj", "{E24F19DD-B90F-4340-A489-46F52D2BBC09}"
EndProject
Project("{FAE04EC0-301F-11D3-BF4B-00C04F79EFBC}") = "8.2.2.1_primjer", "8.2.2.1_primjer\8.2.2.1_primjer.csproj", "{A2A046D7-9EEE-4BE8-BD4F-2F34E925AFDD}"
EndProject
Project("{2150E333-8FDC-42A3-9474-1A3956D46DE8}") = "8.3_Nasljeđivanje", "8.3_Nasljeđivanje", "{76768FAB-A8DF-4B5D-8DED-441DF8F65EA2}"
EndProject
Project("{FAE04EC0-301F-11D3-BF4B-00C04F79EFBC}") = "8.3.1_Nasljeđivanje_priručnik", "8.3.1_Nasljeđivanje_priručnik\8.3.1_Nasljeđivanje_priručnik.csproj", "{FFB9FEEE-D855-4EE8-A5E6-8F191D91289D}"
EndProject
Project("{FAE04EC0-301F-11D3-BF4B-00C04F79EFBC}") = "BusinessLayer", "BusinessLayer\BusinessLayer.csproj", "{FA3286B0-BFFA-42EF-BBF5-639BCBA4CF11}"
EndProject
Project("{2150E333-8FDC-42A3-9474-1A3956D46DE8}") = "8.5_Događaji", "8.5_Događaji", "{DAFCB42B-440B-48B8-B9E1-F5BED1B1BDEC}"
EndProject
Project("{FAE04EC0-301F-11D3-BF4B-00C04F79EFBC}") = "8.5.1_događaji_primjer", "8.5.1_događaji_primjer\8.5.1_događaji_primjer.csproj", "{0687E027-FFA1-4793-93EB-1F87F5899522}"
EndProject
Project("{2150E333-8FDC-42A3-9474-1A3956D46DE8}") = "9.1_Rad_s_tekstom", "9.1_Rad_s_tekstom", "{3D431908-DB12-448E-B1C9-038D971804DD}"
EndProject
Project("{FAE04EC0-301F-11D3-BF4B-00C04F79EFBC}") = "9.1.1_1.7_manipulacija", "9.1.1_17_manipulacija\9.1.1_1.7_manipulacija.csproj", "{74C6EF01-96D1-455D-AB68-18E6542B7CC5}"
EndProject
Project("{2150E333-8FDC-42A3-9474-1A3956D46DE8}") = "10.1_Datoteke", "10.1_Datoteke", "{375770B1-5858-4957-8BB0-6A414D410AC1}"
EndProject
Project("{FAE04EC0-301F-11D3-BF4B-00C04F79EFBC}") = "10.1.1_datoteke", "10.1.1_datoteke\10.1.1_datoteke.csproj", "{F42E1601-4654-450F-8C2A-D8B60A8C8F6A}"
EndProject
Project("{FAE04EC0-301F-11D3-BF4B-00C04F79EFBC}") = "1.1.2_primjer", "1.1.2_primjer\1.1.2_primjer.csproj", "{CDE7A7E2-D9D0-4E19-92A5-E5D13C17041F}"
EndProject
Global
	GlobalSection(SolutionConfigurationPlatforms) = preSolution
		Debug|Any CPU = Debug|Any CPU
		Release|Any CPU = Release|Any CPU
	EndGlobalSection
	GlobalSection(ProjectConfigurationPlatforms) = postSolution
		{31F30331-D9D7-4529-9C4C-B096F2654F21}.Debug|Any CPU.ActiveCfg = Debug|Any CPU
		{31F30331-D9D7-4529-9C4C-B096F2654F21}.Debug|Any CPU.Build.0 = Debug|Any CPU
		{31F30331-D9D7-4529-9C4C-B096F2654F21}.Release|Any CPU.ActiveCfg = Release|Any CPU
		{31F30331-D9D7-4529-9C4C-B096F2654F21}.Release|Any CPU.Build.0 = Release|Any CPU
		{ED6EE9C5-4FD0-4B1D-8D20-55BDE1F655CD}.Debug|Any CPU.ActiveCfg = Debug|Any CPU
		{ED6EE9C5-4FD0-4B1D-8D20-55BDE1F655CD}.Debug|Any CPU.Build.0 = Debug|Any CPU
		{ED6EE9C5-4FD0-4B1D-8D20-55BDE1F655CD}.Release|Any CPU.ActiveCfg = Release|Any CPU
		{ED6EE9C5-4FD0-4B1D-8D20-55BDE1F655CD}.Release|Any CPU.Build.0 = Release|Any CPU
		{42C18B65-4D0F-471D-85D3-8BB35A6AB478}.Debug|Any CPU.ActiveCfg = Debug|Any CPU
		{42C18B65-4D0F-471D-85D3-8BB35A6AB478}.Debug|Any CPU.Build.0 = Debug|Any CPU
		{42C18B65-4D0F-471D-85D3-8BB35A6AB478}.Release|Any CPU.ActiveCfg = Release|Any CPU
		{42C18B65-4D0F-471D-85D3-8BB35A6AB478}.Release|Any CPU.Build.0 = Release|Any CPU
		{2A14503D-685E-4D41-8D83-2733730061F8}.Debug|Any CPU.ActiveCfg = Debug|Any CPU
		{2A14503D-685E-4D41-8D83-2733730061F8}.Debug|Any CPU.Build.0 = Debug|Any CPU
		{2A14503D-685E-4D41-8D83-2733730061F8}.Release|Any CPU.ActiveCfg = Release|Any CPU
		{2A14503D-685E-4D41-8D83-2733730061F8}.Release|Any CPU.Build.0 = Release|Any CPU
		{38A543DD-B080-4ACE-9C8E-99A88FCA26DC}.Debug|Any CPU.ActiveCfg = Debug|Any CPU
		{38A543DD-B080-4ACE-9C8E-99A88FCA26DC}.Debug|Any CPU.Build.0 = Debug|Any CPU
		{38A543DD-B080-4ACE-9C8E-99A88FCA26DC}.Release|Any CPU.ActiveCfg = Release|Any CPU
		{38A543DD-B080-4ACE-9C8E-99A88FCA26DC}.Release|Any CPU.Build.0 = Release|Any CPU
		{CE62EC34-3313-44E1-98F4-1C26F309D96E}.Debug|Any CPU.ActiveCfg = Debug|Any CPU
		{CE62EC34-3313-44E1-98F4-1C26F309D96E}.Debug|Any CPU.Build.0 = Debug|Any CPU
		{CE62EC34-3313-44E1-98F4-1C26F309D96E}.Release|Any CPU.ActiveCfg = Release|Any CPU
		{CE62EC34-3313-44E1-98F4-1C26F309D96E}.Release|Any CPU.Build.0 = Release|Any CPU
		{BA42C455-F9BB-4A9B-8779-8D6D90EAC952}.Debug|Any CPU.ActiveCfg = Debug|Any CPU
		{BA42C455-F9BB-4A9B-8779-8D6D90EAC952}.Debug|Any CPU.Build.0 = Debug|Any CPU
		{BA42C455-F9BB-4A9B-8779-8D6D90EAC952}.Release|Any CPU.ActiveCfg = Release|Any CPU
		{BA42C455-F9BB-4A9B-8779-8D6D90EAC952}.Release|Any CPU.Build.0 = Release|Any CPU
		{8090EF01-44FF-4AFB-8AC3-EEB2A5EBB64A}.Debug|Any CPU.ActiveCfg = Debug|Any CPU
		{8090EF01-44FF-4AFB-8AC3-EEB2A5EBB64A}.Debug|Any CPU.Build.0 = Debug|Any CPU
		{8090EF01-44FF-4AFB-8AC3-EEB2A5EBB64A}.Release|Any CPU.ActiveCfg = Release|Any CPU
		{8090EF01-44FF-4AFB-8AC3-EEB2A5EBB64A}.Release|Any CPU.Build.0 = Release|Any CPU
		{65810642-0712-45C7-AC02-6E329E344168}.Debug|Any CPU.ActiveCfg = Debug|Any CPU
		{65810642-0712-45C7-AC02-6E329E344168}.Debug|Any CPU.Build.0 = Debug|Any CPU
		{65810642-0712-45C7-AC02-6E329E344168}.Release|Any CPU.ActiveCfg = Release|Any CPU
		{65810642-0712-45C7-AC02-6E329E344168}.Release|Any CPU.Build.0 = Release|Any CPU
		{B0C36F00-CB14-4F13-9FE1-AC1205D3F997}.Debug|Any CPU.ActiveCfg = Debug|Any CPU
		{B0C36F00-CB14-4F13-9FE1-AC1205D3F997}.Debug|Any CPU.Build.0 = Debug|Any CPU
		{B0C36F00-CB14-4F13-9FE1-AC1205D3F997}.Release|Any CPU.ActiveCfg = Release|Any CPU
		{B0C36F00-CB14-4F13-9FE1-AC1205D3F997}.Release|Any CPU.Build.0 = Release|Any CPU
		{4F3947A6-94F7-4561-935B-6935A1A87A57}.Debug|Any CPU.ActiveCfg = Debug|Any CPU
		{4F3947A6-94F7-4561-935B-6935A1A87A57}.Debug|Any CPU.Build.0 = Debug|Any CPU
		{4F3947A6-94F7-4561-935B-6935A1A87A57}.Release|Any CPU.ActiveCfg = Release|Any CPU
		{4F3947A6-94F7-4561-935B-6935A1A87A57}.Release|Any CPU.Build.0 = Release|Any CPU
		{8CC1FC4A-C038-4DF2-AA5A-887148297E23}.Debug|Any CPU.ActiveCfg = Debug|Any CPU
		{8CC1FC4A-C038-4DF2-AA5A-887148297E23}.Debug|Any CPU.Build.0 = Debug|Any CPU
		{8CC1FC4A-C038-4DF2-AA5A-887148297E23}.Release|Any CPU.ActiveCfg = Release|Any CPU
		{8CC1FC4A-C038-4DF2-AA5A-887148297E23}.Release|Any CPU.Build.0 = Release|Any CPU
		{9F27BB0D-6AC4-4BA1-A855-41DF79D75FAB}.Debug|Any CPU.ActiveCfg = Debug|Any CPU
		{9F27BB0D-6AC4-4BA1-A855-41DF79D75FAB}.Debug|Any CPU.Build.0 = Debug|Any CPU
		{9F27BB0D-6AC4-4BA1-A855-41DF79D75FAB}.Release|Any CPU.ActiveCfg = Release|Any CPU
		{9F27BB0D-6AC4-4BA1-A855-41DF79D75FAB}.Release|Any CPU.Build.0 = Release|Any CPU
		{1B04846C-DA50-4CDF-B0C9-3FFCC3D3D9D1}.Debug|Any CPU.ActiveCfg = Debug|Any CPU
		{1B04846C-DA50-4CDF-B0C9-3FFCC3D3D9D1}.Debug|Any CPU.Build.0 = Debug|Any CPU
		{1B04846C-DA50-4CDF-B0C9-3FFCC3D3D9D1}.Release|Any CPU.ActiveCfg = Release|Any CPU
		{1B04846C-DA50-4CDF-B0C9-3FFCC3D3D9D1}.Release|Any CPU.Build.0 = Release|Any CPU
		{87C4CCE6-C2C9-4850-BA06-C78CEEFD2ED4}.Debug|Any CPU.ActiveCfg = Debug|Any CPU
		{87C4CCE6-C2C9-4850-BA06-C78CEEFD2ED4}.Debug|Any CPU.Build.0 = Debug|Any CPU
		{87C4CCE6-C2C9-4850-BA06-C78CEEFD2ED4}.Release|Any CPU.ActiveCfg = Release|Any CPU
		{87C4CCE6-C2C9-4850-BA06-C78CEEFD2ED4}.Release|Any CPU.Build.0 = Release|Any CPU
		{92728DF9-91D0-4AEF-A15F-DE5B17A3B433}.Debug|Any CPU.ActiveCfg = Debug|Any CPU
		{92728DF9-91D0-4AEF-A15F-DE5B17A3B433}.Debug|Any CPU.Build.0 = Debug|Any CPU
		{92728DF9-91D0-4AEF-A15F-DE5B17A3B433}.Release|Any CPU.ActiveCfg = Release|Any CPU
		{92728DF9-91D0-4AEF-A15F-DE5B17A3B433}.Release|Any CPU.Build.0 = Release|Any CPU
		{157522A4-C3D3-4105-9439-EE42F4F31B1A}.Debug|Any CPU.ActiveCfg = Debug|Any CPU
		{157522A4-C3D3-4105-9439-EE42F4F31B1A}.Debug|Any CPU.Build.0 = Debug|Any CPU
		{157522A4-C3D3-4105-9439-EE42F4F31B1A}.Release|Any CPU.ActiveCfg = Release|Any CPU
		{157522A4-C3D3-4105-9439-EE42F4F31B1A}.Release|Any CPU.Build.0 = Release|Any CPU
		{B95E556E-8432-4417-9D9C-736CC563A6A1}.Debug|Any CPU.ActiveCfg = Debug|Any CPU
		{B95E556E-8432-4417-9D9C-736CC563A6A1}.Debug|Any CPU.Build.0 = Debug|Any CPU
		{B95E556E-8432-4417-9D9C-736CC563A6A1}.Release|Any CPU.ActiveCfg = Release|Any CPU
		{B95E556E-8432-4417-9D9C-736CC563A6A1}.Release|Any CPU.Build.0 = Release|Any CPU
		{8A56B65D-338A-4EB2-9DA6-6C56F46A5CC1}.Debug|Any CPU.ActiveCfg = Debug|Any CPU
		{8A56B65D-338A-4EB2-9DA6-6C56F46A5CC1}.Debug|Any CPU.Build.0 = Debug|Any CPU
		{8A56B65D-338A-4EB2-9DA6-6C56F46A5CC1}.Release|Any CPU.ActiveCfg = Release|Any CPU
		{8A56B65D-338A-4EB2-9DA6-6C56F46A5CC1}.Release|Any CPU.Build.0 = Release|Any CPU
		{24D52AB5-1082-498D-B215-B005948845B3}.Debug|Any CPU.ActiveCfg = Debug|Any CPU
		{24D52AB5-1082-498D-B215-B005948845B3}.Debug|Any CPU.Build.0 = Debug|Any CPU
		{24D52AB5-1082-498D-B215-B005948845B3}.Release|Any CPU.ActiveCfg = Release|Any CPU
		{24D52AB5-1082-498D-B215-B005948845B3}.Release|Any CPU.Build.0 = Release|Any CPU
		{1D4F1A15-6EFC-44E7-B212-91D098779DAA}.Debug|Any CPU.ActiveCfg = Debug|Any CPU
		{1D4F1A15-6EFC-44E7-B212-91D098779DAA}.Debug|Any CPU.Build.0 = Debug|Any CPU
		{1D4F1A15-6EFC-44E7-B212-91D098779DAA}.Release|Any CPU.ActiveCfg = Release|Any CPU
		{1D4F1A15-6EFC-44E7-B212-91D098779DAA}.Release|Any CPU.Build.0 = Release|Any CPU
		{C77F2202-2697-470D-A2C6-1214B98D7FC7}.Debug|Any CPU.ActiveCfg = Debug|Any CPU
		{C77F2202-2697-470D-A2C6-1214B98D7FC7}.Debug|Any CPU.Build.0 = Debug|Any CPU
		{C77F2202-2697-470D-A2C6-1214B98D7FC7}.Release|Any CPU.ActiveCfg = Release|Any CPU
		{C77F2202-2697-470D-A2C6-1214B98D7FC7}.Release|Any CPU.Build.0 = Release|Any CPU
		{462FC029-6F70-4BD2-97D5-0FC6628DCF65}.Debug|Any CPU.ActiveCfg = Debug|Any CPU
		{462FC029-6F70-4BD2-97D5-0FC6628DCF65}.Debug|Any CPU.Build.0 = Debug|Any CPU
		{462FC029-6F70-4BD2-97D5-0FC6628DCF65}.Release|Any CPU.ActiveCfg = Release|Any CPU
		{462FC029-6F70-4BD2-97D5-0FC6628DCF65}.Release|Any CPU.Build.0 = Release|Any CPU
		{87205C1C-EB71-4BF2-B39B-619D72466D2A}.Debug|Any CPU.ActiveCfg = Debug|Any CPU
		{87205C1C-EB71-4BF2-B39B-619D72466D2A}.Debug|Any CPU.Build.0 = Debug|Any CPU
		{87205C1C-EB71-4BF2-B39B-619D72466D2A}.Release|Any CPU.ActiveCfg = Release|Any CPU
		{87205C1C-EB71-4BF2-B39B-619D72466D2A}.Release|Any CPU.Build.0 = Release|Any CPU
		{C5A01090-F0AE-4FF3-B54E-C93CF6B061A4}.Debug|Any CPU.ActiveCfg = Debug|Any CPU
		{C5A01090-F0AE-4FF3-B54E-C93CF6B061A4}.Debug|Any CPU.Build.0 = Debug|Any CPU
		{C5A01090-F0AE-4FF3-B54E-C93CF6B061A4}.Release|Any CPU.ActiveCfg = Release|Any CPU
		{C5A01090-F0AE-4FF3-B54E-C93CF6B061A4}.Release|Any CPU.Build.0 = Release|Any CPU
		{F0E741BF-92F5-4EE6-B888-6C111855744D}.Debug|Any CPU.ActiveCfg = Debug|Any CPU
		{F0E741BF-92F5-4EE6-B888-6C111855744D}.Debug|Any CPU.Build.0 = Debug|Any CPU
		{F0E741BF-92F5-4EE6-B888-6C111855744D}.Release|Any CPU.ActiveCfg = Release|Any CPU
		{F0E741BF-92F5-4EE6-B888-6C111855744D}.Release|Any CPU.Build.0 = Release|Any CPU
		{164625C4-3850-44D3-A387-5EE4D495B67F}.Debug|Any CPU.ActiveCfg = Debug|Any CPU
		{164625C4-3850-44D3-A387-5EE4D495B67F}.Debug|Any CPU.Build.0 = Debug|Any CPU
		{164625C4-3850-44D3-A387-5EE4D495B67F}.Release|Any CPU.ActiveCfg = Release|Any CPU
		{164625C4-3850-44D3-A387-5EE4D495B67F}.Release|Any CPU.Build.0 = Release|Any CPU
		{2BCB583F-2BFE-4839-BD24-5035CA0E37DE}.Debug|Any CPU.ActiveCfg = Debug|Any CPU
		{2BCB583F-2BFE-4839-BD24-5035CA0E37DE}.Debug|Any CPU.Build.0 = Debug|Any CPU
		{2BCB583F-2BFE-4839-BD24-5035CA0E37DE}.Release|Any CPU.ActiveCfg = Release|Any CPU
		{2BCB583F-2BFE-4839-BD24-5035CA0E37DE}.Release|Any CPU.Build.0 = Release|Any CPU
		{71586DD5-6634-4EDC-A8BF-163904323827}.Debug|Any CPU.ActiveCfg = Debug|Any CPU
		{71586DD5-6634-4EDC-A8BF-163904323827}.Debug|Any CPU.Build.0 = Debug|Any CPU
		{71586DD5-6634-4EDC-A8BF-163904323827}.Release|Any CPU.ActiveCfg = Release|Any CPU
		{71586DD5-6634-4EDC-A8BF-163904323827}.Release|Any CPU.Build.0 = Release|Any CPU
		{EE617FCD-50EB-4579-8D8C-C0A7738FFCE4}.Debug|Any CPU.ActiveCfg = Debug|Any CPU
		{EE617FCD-50EB-4579-8D8C-C0A7738FFCE4}.Debug|Any CPU.Build.0 = Debug|Any CPU
		{EE617FCD-50EB-4579-8D8C-C0A7738FFCE4}.Release|Any CPU.ActiveCfg = Release|Any CPU
		{EE617FCD-50EB-4579-8D8C-C0A7738FFCE4}.Release|Any CPU.Build.0 = Release|Any CPU
		{23CDA82C-A29D-4572-AA7B-F1F55C625776}.Debug|Any CPU.ActiveCfg = Debug|Any CPU
		{23CDA82C-A29D-4572-AA7B-F1F55C625776}.Debug|Any CPU.Build.0 = Debug|Any CPU
		{23CDA82C-A29D-4572-AA7B-F1F55C625776}.Release|Any CPU.ActiveCfg = Release|Any CPU
		{23CDA82C-A29D-4572-AA7B-F1F55C625776}.Release|Any CPU.Build.0 = Release|Any CPU
		{C6BC7F00-4957-4EE4-9114-F1ADE321FB33}.Debug|Any CPU.ActiveCfg = Debug|Any CPU
		{C6BC7F00-4957-4EE4-9114-F1ADE321FB33}.Debug|Any CPU.Build.0 = Debug|Any CPU
		{C6BC7F00-4957-4EE4-9114-F1ADE321FB33}.Release|Any CPU.ActiveCfg = Release|Any CPU
		{C6BC7F00-4957-4EE4-9114-F1ADE321FB33}.Release|Any CPU.Build.0 = Release|Any CPU
		{14B09731-C081-44EE-A464-0A04DEEEE5D9}.Debug|Any CPU.ActiveCfg = Debug|Any CPU
		{14B09731-C081-44EE-A464-0A04DEEEE5D9}.Debug|Any CPU.Build.0 = Debug|Any CPU
		{14B09731-C081-44EE-A464-0A04DEEEE5D9}.Release|Any CPU.ActiveCfg = Release|Any CPU
		{14B09731-C081-44EE-A464-0A04DEEEE5D9}.Release|Any CPU.Build.0 = Release|Any CPU
		{41E9DCA4-4B01-427A-8527-76256BDF0F5F}.Debug|Any CPU.ActiveCfg = Debug|Any CPU
		{41E9DCA4-4B01-427A-8527-76256BDF0F5F}.Debug|Any CPU.Build.0 = Debug|Any CPU
		{41E9DCA4-4B01-427A-8527-76256BDF0F5F}.Release|Any CPU.ActiveCfg = Release|Any CPU
		{41E9DCA4-4B01-427A-8527-76256BDF0F5F}.Release|Any CPU.Build.0 = Release|Any CPU
		{34214124-60E1-45DD-BC8D-C26316832303}.Debug|Any CPU.ActiveCfg = Debug|Any CPU
		{34214124-60E1-45DD-BC8D-C26316832303}.Debug|Any CPU.Build.0 = Debug|Any CPU
		{34214124-60E1-45DD-BC8D-C26316832303}.Release|Any CPU.ActiveCfg = Release|Any CPU
		{34214124-60E1-45DD-BC8D-C26316832303}.Release|Any CPU.Build.0 = Release|Any CPU
		{1A7F4A61-DEC1-4611-B6D9-D4FB8C18EAC9}.Debug|Any CPU.ActiveCfg = Debug|Any CPU
		{1A7F4A61-DEC1-4611-B6D9-D4FB8C18EAC9}.Debug|Any CPU.Build.0 = Debug|Any CPU
		{1A7F4A61-DEC1-4611-B6D9-D4FB8C18EAC9}.Release|Any CPU.ActiveCfg = Release|Any CPU
		{1A7F4A61-DEC1-4611-B6D9-D4FB8C18EAC9}.Release|Any CPU.Build.0 = Release|Any CPU
		{C5D847FC-7130-4BE0-9DD1-A11013B4504B}.Debug|Any CPU.ActiveCfg = Debug|Any CPU
		{C5D847FC-7130-4BE0-9DD1-A11013B4504B}.Debug|Any CPU.Build.0 = Debug|Any CPU
		{C5D847FC-7130-4BE0-9DD1-A11013B4504B}.Release|Any CPU.ActiveCfg = Release|Any CPU
		{C5D847FC-7130-4BE0-9DD1-A11013B4504B}.Release|Any CPU.Build.0 = Release|Any CPU
		{CCBCE239-A489-4116-BD5F-137A3A51D4CD}.Debug|Any CPU.ActiveCfg = Debug|Any CPU
		{CCBCE239-A489-4116-BD5F-137A3A51D4CD}.Debug|Any CPU.Build.0 = Debug|Any CPU
		{CCBCE239-A489-4116-BD5F-137A3A51D4CD}.Release|Any CPU.ActiveCfg = Release|Any CPU
		{CCBCE239-A489-4116-BD5F-137A3A51D4CD}.Release|Any CPU.Build.0 = Release|Any CPU
		{CD522E4F-EED8-4370-9F4A-E3B5D90559CB}.Debug|Any CPU.ActiveCfg = Debug|Any CPU
		{CD522E4F-EED8-4370-9F4A-E3B5D90559CB}.Debug|Any CPU.Build.0 = Debug|Any CPU
		{CD522E4F-EED8-4370-9F4A-E3B5D90559CB}.Release|Any CPU.ActiveCfg = Release|Any CPU
		{CD522E4F-EED8-4370-9F4A-E3B5D90559CB}.Release|Any CPU.Build.0 = Release|Any CPU
		{235A444C-A81A-4C8E-BD58-837635DF6773}.Debug|Any CPU.ActiveCfg = Debug|Any CPU
		{235A444C-A81A-4C8E-BD58-837635DF6773}.Debug|Any CPU.Build.0 = Debug|Any CPU
		{235A444C-A81A-4C8E-BD58-837635DF6773}.Release|Any CPU.ActiveCfg = Release|Any CPU
		{235A444C-A81A-4C8E-BD58-837635DF6773}.Release|Any CPU.Build.0 = Release|Any CPU
		{E48B4C89-31B0-4634-9A8E-EEF7D837F16C}.Debug|Any CPU.ActiveCfg = Debug|Any CPU
		{E48B4C89-31B0-4634-9A8E-EEF7D837F16C}.Debug|Any CPU.Build.0 = Debug|Any CPU
		{E48B4C89-31B0-4634-9A8E-EEF7D837F16C}.Release|Any CPU.ActiveCfg = Release|Any CPU
		{E48B4C89-31B0-4634-9A8E-EEF7D837F16C}.Release|Any CPU.Build.0 = Release|Any CPU
		{4DCCA2BA-4087-4A0E-82CE-DD32D278A848}.Debug|Any CPU.ActiveCfg = Debug|Any CPU
		{4DCCA2BA-4087-4A0E-82CE-DD32D278A848}.Debug|Any CPU.Build.0 = Debug|Any CPU
		{4DCCA2BA-4087-4A0E-82CE-DD32D278A848}.Release|Any CPU.ActiveCfg = Release|Any CPU
		{4DCCA2BA-4087-4A0E-82CE-DD32D278A848}.Release|Any CPU.Build.0 = Release|Any CPU
		{744AB201-A4BB-43E5-99FF-548061D790E2}.Debug|Any CPU.ActiveCfg = Debug|Any CPU
		{744AB201-A4BB-43E5-99FF-548061D790E2}.Debug|Any CPU.Build.0 = Debug|Any CPU
		{744AB201-A4BB-43E5-99FF-548061D790E2}.Release|Any CPU.ActiveCfg = Release|Any CPU
		{744AB201-A4BB-43E5-99FF-548061D790E2}.Release|Any CPU.Build.0 = Release|Any CPU
		{A9EDB3A6-6E7D-4B9F-A8D9-3E58836C193C}.Debug|Any CPU.ActiveCfg = Debug|Any CPU
		{A9EDB3A6-6E7D-4B9F-A8D9-3E58836C193C}.Debug|Any CPU.Build.0 = Debug|Any CPU
		{A9EDB3A6-6E7D-4B9F-A8D9-3E58836C193C}.Release|Any CPU.ActiveCfg = Release|Any CPU
		{A9EDB3A6-6E7D-4B9F-A8D9-3E58836C193C}.Release|Any CPU.Build.0 = Release|Any CPU
		{817806D8-A9F4-4CF0-86F5-A6B39EA9895B}.Debug|Any CPU.ActiveCfg = Debug|Any CPU
		{817806D8-A9F4-4CF0-86F5-A6B39EA9895B}.Debug|Any CPU.Build.0 = Debug|Any CPU
		{817806D8-A9F4-4CF0-86F5-A6B39EA9895B}.Release|Any CPU.ActiveCfg = Release|Any CPU
		{817806D8-A9F4-4CF0-86F5-A6B39EA9895B}.Release|Any CPU.Build.0 = Release|Any CPU
		{7EAF577F-0415-4C99-A628-4A4F07AAF03A}.Debug|Any CPU.ActiveCfg = Debug|Any CPU
		{7EAF577F-0415-4C99-A628-4A4F07AAF03A}.Debug|Any CPU.Build.0 = Debug|Any CPU
		{7EAF577F-0415-4C99-A628-4A4F07AAF03A}.Release|Any CPU.ActiveCfg = Release|Any CPU
		{7EAF577F-0415-4C99-A628-4A4F07AAF03A}.Release|Any CPU.Build.0 = Release|Any CPU
		{0963FD26-A163-43BF-A5F1-0ED541940610}.Debug|Any CPU.ActiveCfg = Debug|Any CPU
		{0963FD26-A163-43BF-A5F1-0ED541940610}.Debug|Any CPU.Build.0 = Debug|Any CPU
		{0963FD26-A163-43BF-A5F1-0ED541940610}.Release|Any CPU.ActiveCfg = Release|Any CPU
		{0963FD26-A163-43BF-A5F1-0ED541940610}.Release|Any CPU.Build.0 = Release|Any CPU
		{DE9A38C9-E51B-43A5-991E-EDCAFB646243}.Debug|Any CPU.ActiveCfg = Debug|Any CPU
		{DE9A38C9-E51B-43A5-991E-EDCAFB646243}.Debug|Any CPU.Build.0 = Debug|Any CPU
		{DE9A38C9-E51B-43A5-991E-EDCAFB646243}.Release|Any CPU.ActiveCfg = Release|Any CPU
		{DE9A38C9-E51B-43A5-991E-EDCAFB646243}.Release|Any CPU.Build.0 = Release|Any CPU
		{89DE0908-9038-49EB-B561-35B132565EBF}.Debug|Any CPU.ActiveCfg = Debug|Any CPU
		{89DE0908-9038-49EB-B561-35B132565EBF}.Debug|Any CPU.Build.0 = Debug|Any CPU
		{89DE0908-9038-49EB-B561-35B132565EBF}.Release|Any CPU.ActiveCfg = Release|Any CPU
		{89DE0908-9038-49EB-B561-35B132565EBF}.Release|Any CPU.Build.0 = Release|Any CPU
		{E24F19DD-B90F-4340-A489-46F52D2BBC09}.Debug|Any CPU.ActiveCfg = Debug|Any CPU
		{E24F19DD-B90F-4340-A489-46F52D2BBC09}.Debug|Any CPU.Build.0 = Debug|Any CPU
		{E24F19DD-B90F-4340-A489-46F52D2BBC09}.Release|Any CPU.ActiveCfg = Release|Any CPU
		{E24F19DD-B90F-4340-A489-46F52D2BBC09}.Release|Any CPU.Build.0 = Release|Any CPU
		{A2A046D7-9EEE-4BE8-BD4F-2F34E925AFDD}.Debug|Any CPU.ActiveCfg = Debug|Any CPU
		{A2A046D7-9EEE-4BE8-BD4F-2F34E925AFDD}.Debug|Any CPU.Build.0 = Debug|Any CPU
		{A2A046D7-9EEE-4BE8-BD4F-2F34E925AFDD}.Release|Any CPU.ActiveCfg = Release|Any CPU
		{A2A046D7-9EEE-4BE8-BD4F-2F34E925AFDD}.Release|Any CPU.Build.0 = Release|Any CPU
		{FFB9FEEE-D855-4EE8-A5E6-8F191D91289D}.Debug|Any CPU.ActiveCfg = Debug|Any CPU
		{FFB9FEEE-D855-4EE8-A5E6-8F191D91289D}.Debug|Any CPU.Build.0 = Debug|Any CPU
		{FFB9FEEE-D855-4EE8-A5E6-8F191D91289D}.Release|Any CPU.ActiveCfg = Release|Any CPU
		{FFB9FEEE-D855-4EE8-A5E6-8F191D91289D}.Release|Any CPU.Build.0 = Release|Any CPU
		{FA3286B0-BFFA-42EF-BBF5-639BCBA4CF11}.Debug|Any CPU.ActiveCfg = Debug|Any CPU
		{FA3286B0-BFFA-42EF-BBF5-639BCBA4CF11}.Debug|Any CPU.Build.0 = Debug|Any CPU
		{FA3286B0-BFFA-42EF-BBF5-639BCBA4CF11}.Release|Any CPU.ActiveCfg = Release|Any CPU
		{FA3286B0-BFFA-42EF-BBF5-639BCBA4CF11}.Release|Any CPU.Build.0 = Release|Any CPU
		{0687E027-FFA1-4793-93EB-1F87F5899522}.Debug|Any CPU.ActiveCfg = Debug|Any CPU
		{0687E027-FFA1-4793-93EB-1F87F5899522}.Debug|Any CPU.Build.0 = Debug|Any CPU
		{0687E027-FFA1-4793-93EB-1F87F5899522}.Release|Any CPU.ActiveCfg = Release|Any CPU
		{0687E027-FFA1-4793-93EB-1F87F5899522}.Release|Any CPU.Build.0 = Release|Any CPU
		{74C6EF01-96D1-455D-AB68-18E6542B7CC5}.Debug|Any CPU.ActiveCfg = Debug|Any CPU
		{74C6EF01-96D1-455D-AB68-18E6542B7CC5}.Debug|Any CPU.Build.0 = Debug|Any CPU
		{74C6EF01-96D1-455D-AB68-18E6542B7CC5}.Release|Any CPU.ActiveCfg = Release|Any CPU
		{74C6EF01-96D1-455D-AB68-18E6542B7CC5}.Release|Any CPU.Build.0 = Release|Any CPU
		{F42E1601-4654-450F-8C2A-D8B60A8C8F6A}.Debug|Any CPU.ActiveCfg = Debug|Any CPU
		{F42E1601-4654-450F-8C2A-D8B60A8C8F6A}.Debug|Any CPU.Build.0 = Debug|Any CPU
		{F42E1601-4654-450F-8C2A-D8B60A8C8F6A}.Release|Any CPU.ActiveCfg = Release|Any CPU
		{F42E1601-4654-450F-8C2A-D8B60A8C8F6A}.Release|Any CPU.Build.0 = Release|Any CPU
		{CDE7A7E2-D9D0-4E19-92A5-E5D13C17041F}.Debug|Any CPU.ActiveCfg = Debug|Any CPU
		{CDE7A7E2-D9D0-4E19-92A5-E5D13C17041F}.Debug|Any CPU.Build.0 = Debug|Any CPU
		{CDE7A7E2-D9D0-4E19-92A5-E5D13C17041F}.Release|Any CPU.ActiveCfg = Release|Any CPU
		{CDE7A7E2-D9D0-4E19-92A5-E5D13C17041F}.Release|Any CPU.Build.0 = Release|Any CPU
	EndGlobalSection
	GlobalSection(SolutionProperties) = preSolution
		HideSolutionNode = FALSE
	EndGlobalSection
	GlobalSection(NestedProjects) = preSolution
		{42C18B65-4D0F-471D-85D3-8BB35A6AB478} = {367D78EA-B74E-4706-B146-16C12B8AA9CE}
		{CE62EC34-3313-44E1-98F4-1C26F309D96E} = {E21F5001-67F7-4402-B087-85ECB422D175}
		{BA42C455-F9BB-4A9B-8779-8D6D90EAC952} = {E21F5001-67F7-4402-B087-85ECB422D175}
		{8090EF01-44FF-4AFB-8AC3-EEB2A5EBB64A} = {D098E9D1-116C-40FF-A28F-21F761FA584E}
		{65810642-0712-45C7-AC02-6E329E344168} = {D098E9D1-116C-40FF-A28F-21F761FA584E}
		{B0C36F00-CB14-4F13-9FE1-AC1205D3F997} = {D098E9D1-116C-40FF-A28F-21F761FA584E}
		{4F3947A6-94F7-4561-935B-6935A1A87A57} = {D098E9D1-116C-40FF-A28F-21F761FA584E}
		{8CC1FC4A-C038-4DF2-AA5A-887148297E23} = {D098E9D1-116C-40FF-A28F-21F761FA584E}
		{9F27BB0D-6AC4-4BA1-A855-41DF79D75FAB} = {D098E9D1-116C-40FF-A28F-21F761FA584E}
		{1B04846C-DA50-4CDF-B0C9-3FFCC3D3D9D1} = {D098E9D1-116C-40FF-A28F-21F761FA584E}
		{87C4CCE6-C2C9-4850-BA06-C78CEEFD2ED4} = {D098E9D1-116C-40FF-A28F-21F761FA584E}
		{92728DF9-91D0-4AEF-A15F-DE5B17A3B433} = {D098E9D1-116C-40FF-A28F-21F761FA584E}
		{157522A4-C3D3-4105-9439-EE42F4F31B1A} = {D098E9D1-116C-40FF-A28F-21F761FA584E}
		{B95E556E-8432-4417-9D9C-736CC563A6A1} = {D098E9D1-116C-40FF-A28F-21F761FA584E}
		{8A56B65D-338A-4EB2-9DA6-6C56F46A5CC1} = {D098E9D1-116C-40FF-A28F-21F761FA584E}
		{24D52AB5-1082-498D-B215-B005948845B3} = {D098E9D1-116C-40FF-A28F-21F761FA584E}
		{1D4F1A15-6EFC-44E7-B212-91D098779DAA} = {D098E9D1-116C-40FF-A28F-21F761FA584E}
		{C77F2202-2697-470D-A2C6-1214B98D7FC7} = {D098E9D1-116C-40FF-A28F-21F761FA584E}
		{466E5B83-FA84-4A9F-A599-801CCFE77F2A} = {E21F5001-67F7-4402-B087-85ECB422D175}
		{462FC029-6F70-4BD2-97D5-0FC6628DCF65} = {466E5B83-FA84-4A9F-A599-801CCFE77F2A}
		{87205C1C-EB71-4BF2-B39B-619D72466D2A} = {466E5B83-FA84-4A9F-A599-801CCFE77F2A}
		{C5A01090-F0AE-4FF3-B54E-C93CF6B061A4} = {F4D5BC4A-09EB-43BE-A040-DCCA7D24A299}
		{F0E741BF-92F5-4EE6-B888-6C111855744D} = {F4D5BC4A-09EB-43BE-A040-DCCA7D24A299}
		{164625C4-3850-44D3-A387-5EE4D495B67F} = {F4D5BC4A-09EB-43BE-A040-DCCA7D24A299}
		{2BCB583F-2BFE-4839-BD24-5035CA0E37DE} = {F4D5BC4A-09EB-43BE-A040-DCCA7D24A299}
		{71586DD5-6634-4EDC-A8BF-163904323827} = {F4D5BC4A-09EB-43BE-A040-DCCA7D24A299}
		{EE617FCD-50EB-4579-8D8C-C0A7738FFCE4} = {F4D5BC4A-09EB-43BE-A040-DCCA7D24A299}
		{23CDA82C-A29D-4572-AA7B-F1F55C625776} = {F4D5BC4A-09EB-43BE-A040-DCCA7D24A299}
		{C6BC7F00-4957-4EE4-9114-F1ADE321FB33} = {F4D5BC4A-09EB-43BE-A040-DCCA7D24A299}
		{14B09731-C081-44EE-A464-0A04DEEEE5D9} = {F4D5BC4A-09EB-43BE-A040-DCCA7D24A299}
		{41E9DCA4-4B01-427A-8527-76256BDF0F5F} = {F4D5BC4A-09EB-43BE-A040-DCCA7D24A299}
		{34214124-60E1-45DD-BC8D-C26316832303} = {F4D5BC4A-09EB-43BE-A040-DCCA7D24A299}
		{1A7F4A61-DEC1-4611-B6D9-D4FB8C18EAC9} = {F4D5BC4A-09EB-43BE-A040-DCCA7D24A299}
		{C5D847FC-7130-4BE0-9DD1-A11013B4504B} = {F4D5BC4A-09EB-43BE-A040-DCCA7D24A299}
		{CCBCE239-A489-4116-BD5F-137A3A51D4CD} = {5EF40FD0-9403-45E9-A38A-3752AA81A88C}
		{CD522E4F-EED8-4370-9F4A-E3B5D90559CB} = {5EF40FD0-9403-45E9-A38A-3752AA81A88C}
		{235A444C-A81A-4C8E-BD58-837635DF6773} = {5EF40FD0-9403-45E9-A38A-3752AA81A88C}
		{E48B4C89-31B0-4634-9A8E-EEF7D837F16C} = {5EF40FD0-9403-45E9-A38A-3752AA81A88C}
		{4DCCA2BA-4087-4A0E-82CE-DD32D278A848} = {5EF40FD0-9403-45E9-A38A-3752AA81A88C}
		{744AB201-A4BB-43E5-99FF-548061D790E2} = {5EF40FD0-9403-45E9-A38A-3752AA81A88C}
		{A9EDB3A6-6E7D-4B9F-A8D9-3E58836C193C} = {5EF40FD0-9403-45E9-A38A-3752AA81A88C}
		{817806D8-A9F4-4CF0-86F5-A6B39EA9895B} = {5EF40FD0-9403-45E9-A38A-3752AA81A88C}
		{7EAF577F-0415-4C99-A628-4A4F07AAF03A} = {5EF40FD0-9403-45E9-A38A-3752AA81A88C}
		{0963FD26-A163-43BF-A5F1-0ED541940610} = {2472ED72-AB27-4C5F-9795-B3EC7C2BBD34}
		{DE9A38C9-E51B-43A5-991E-EDCAFB646243} = {2472ED72-AB27-4C5F-9795-B3EC7C2BBD34}
		{89DE0908-9038-49EB-B561-35B132565EBF} = {B52CD340-02EF-482B-9892-AEC8693F3C77}
		{E24F19DD-B90F-4340-A489-46F52D2BBC09} = {B52CD340-02EF-482B-9892-AEC8693F3C77}
		{A2A046D7-9EEE-4BE8-BD4F-2F34E925AFDD} = {B52CD340-02EF-482B-9892-AEC8693F3C77}
		{FFB9FEEE-D855-4EE8-A5E6-8F191D91289D} = {76768FAB-A8DF-4B5D-8DED-441DF8F65EA2}
		{FA3286B0-BFFA-42EF-BBF5-639BCBA4CF11} = {76768FAB-A8DF-4B5D-8DED-441DF8F65EA2}
		{0687E027-FFA1-4793-93EB-1F87F5899522} = {DAFCB42B-440B-48B8-B9E1-F5BED1B1BDEC}
		{74C6EF01-96D1-455D-AB68-18E6542B7CC5} = {3D431908-DB12-448E-B1C9-038D971804DD}
		{F42E1601-4654-450F-8C2A-D8B60A8C8F6A} = {375770B1-5858-4957-8BB0-6A414D410AC1}
		{CDE7A7E2-D9D0-4E19-92A5-E5D13C17041F} = {375770B1-5858-4957-8BB0-6A414D410AC1}
	EndGlobalSection
EndGlobal
