
Microsoft Visual Studio Solution File, Format Version 12.00
# Visual Studio 15
VisualStudioVersion = 15.0.26430.16
MinimumVisualStudioVersion = 10.0.40219.1
Project("{FAE04EC0-301F-11D3-BF4B-00C04F79EFBC}") = "Uvodni", "ConsoleApp1\Uvodni.csproj", "{31F30331-D9D7-4529-9C4C-B096F2654F21}"
EndProject
Project("{FAE04EC0-301F-11D3-BF4B-00C04F79EFBC}") = "Zbroj", "Zbroj\Zbroj.csproj", "{ED6EE9C5-4FD0-4B1D-8D20-55BDE1F655CD}"
EndProject
Project("{2150E333-8FDC-42A3-9474-1A3956D46DE8}") = "4.1_Uvod", "4.1_Uvod", "{367D78EA-B74E-4706-B146-16C12B8AA9CE}"
EndProject
Project("{FAE04EC0-301F-11D3-BF4B-00C04F79EFBC}") = "Hello", "Hello\Hello.csproj", "{42C18B65-4D0F-471D-85D3-8BB35A6AB478}"
EndProject
Project("{FAE04EC0-301F-11D3-BF4B-00C04F79EFBC}") = "Ispis brojeva", "Ispis brojeva\Ispis brojeva.csproj", "{2A14503D-685E-4D41-8D83-2733730061F8}"
EndProject
Project("{FAE04EC0-301F-11D3-BF4B-00C04F79EFBC}") = "Temperatura vode", "Temperatura vode\Temperatura vode.csproj", "{38A543DD-B080-4ACE-9C8E-99A88FCA26DC}"
EndProject
Project("{2150E333-8FDC-42A3-9474-1A3956D46DE8}") = "5.1_varijable", "5.1_varijable", "{E21F5001-67F7-4402-B087-85ECB422D175}"
EndProject
Project("{FAE04EC0-301F-11D3-BF4B-00C04F79EFBC}") = "zbroj_razlika", "zbroj_razlika\zbroj_razlika.csproj", "{CE62EC34-3313-44E1-98F4-1C26F309D96E}"
EndProject
Project("{FAE04EC0-301F-11D3-BF4B-00C04F79EFBC}") = "umnozak_kvocijent", "umnozak_kvocijent\umnozak_kvocijent.csproj", "{BA42C455-F9BB-4A9B-8779-8D6D90EAC952}"
EndProject
Project("{2150E333-8FDC-42A3-9474-1A3956D46DE8}") = "5.2_Uvjetno_grananje", "5.2_Uvjetno_grananje", "{D098E9D1-116C-40FF-A28F-21F761FA584E}"
EndProject
Project("{FAE04EC0-301F-11D3-BF4B-00C04F79EFBC}") = "Priručnik", "Priručnik\Priručnik.csproj", "{8090EF01-44FF-4AFB-8AC3-EEB2A5EBB64A}"
EndProject
Project("{FAE04EC0-301F-11D3-BF4B-00C04F79EFBC}") = "primjer_5.2.1.2_pozitivan", "primjer_5.2.1.2_pozitivan\primjer_5.2.1.2_pozitivan.csproj", "{65810642-0712-45C7-AC02-6E329E344168}"
EndProject
Project("{FAE04EC0-301F-11D3-BF4B-00C04F79EFBC}") = "primjer_5.2.2.switch", "primjer_5.2.2.switch\primjer_5.2.2.switch.csproj", "{B0C36F00-CB14-4F13-9FE1-AC1205D3F997}"
EndProject
Project("{FAE04EC0-301F-11D3-BF4B-00C04F79EFBC}") = "5.2.3.exception_primjer", "5.2.3.exception_primjer\5.2.3.exception_primjer.csproj", "{4F3947A6-94F7-4561-935B-6935A1A87A57}"
EndProject
Project("{FAE04EC0-301F-11D3-BF4B-00C04F79EFBC}") = "Primjer 5.2.4.2", "Primjer 5.2.4.2\Primjer 5.2.4.2.csproj", "{8CC1FC4A-C038-4DF2-AA5A-887148297E23}"
EndProject
Project("{FAE04EC0-301F-11D3-BF4B-00C04F79EFBC}") = "Primjer_5.2.4.3", "Primjer_5.2.4.3\Primjer_5.2.4.3.csproj", "{9F27BB0D-6AC4-4BA1-A855-41DF79D75FAB}"
EndProject
Project("{FAE04EC0-301F-11D3-BF4B-00C04F79EFBC}") = "Primjer_5.2.5", "Primjer_5.2.5\Primjer_5.2.5.csproj", "{1B04846C-DA50-4CDF-B0C9-3FFCC3D3D9D1}"
EndProject
Global
	GlobalSection(SolutionConfigurationPlatforms) = preSolution
		Debug|Any CPU = Debug|Any CPU
		Release|Any CPU = Release|Any CPU
	EndGlobalSection
	GlobalSection(ProjectConfigurationPlatforms) = postSolution
		{31F30331-D9D7-4529-9C4C-B096F2654F21}.Debug|Any CPU.ActiveCfg = Debug|Any CPU
		{31F30331-D9D7-4529-9C4C-B096F2654F21}.Debug|Any CPU.Build.0 = Debug|Any CPU
		{31F30331-D9D7-4529-9C4C-B096F2654F21}.Release|Any CPU.ActiveCfg = Release|Any CPU
		{31F30331-D9D7-4529-9C4C-B096F2654F21}.Release|Any CPU.Build.0 = Release|Any CPU
		{ED6EE9C5-4FD0-4B1D-8D20-55BDE1F655CD}.Debug|Any CPU.ActiveCfg = Debug|Any CPU
		{ED6EE9C5-4FD0-4B1D-8D20-55BDE1F655CD}.Debug|Any CPU.Build.0 = Debug|Any CPU
		{ED6EE9C5-4FD0-4B1D-8D20-55BDE1F655CD}.Release|Any CPU.ActiveCfg = Release|Any CPU
		{ED6EE9C5-4FD0-4B1D-8D20-55BDE1F655CD}.Release|Any CPU.Build.0 = Release|Any CPU
		{42C18B65-4D0F-471D-85D3-8BB35A6AB478}.Debug|Any CPU.ActiveCfg = Debug|Any CPU
		{42C18B65-4D0F-471D-85D3-8BB35A6AB478}.Debug|Any CPU.Build.0 = Debug|Any CPU
		{42C18B65-4D0F-471D-85D3-8BB35A6AB478}.Release|Any CPU.ActiveCfg = Release|Any CPU
		{42C18B65-4D0F-471D-85D3-8BB35A6AB478}.Release|Any CPU.Build.0 = Release|Any CPU
		{2A14503D-685E-4D41-8D83-2733730061F8}.Debug|Any CPU.ActiveCfg = Debug|Any CPU
		{2A14503D-685E-4D41-8D83-2733730061F8}.Debug|Any CPU.Build.0 = Debug|Any CPU
		{2A14503D-685E-4D41-8D83-2733730061F8}.Release|Any CPU.ActiveCfg = Release|Any CPU
		{2A14503D-685E-4D41-8D83-2733730061F8}.Release|Any CPU.Build.0 = Release|Any CPU
		{38A543DD-B080-4ACE-9C8E-99A88FCA26DC}.Debug|Any CPU.ActiveCfg = Debug|Any CPU
		{38A543DD-B080-4ACE-9C8E-99A88FCA26DC}.Debug|Any CPU.Build.0 = Debug|Any CPU
		{38A543DD-B080-4ACE-9C8E-99A88FCA26DC}.Release|Any CPU.ActiveCfg = Release|Any CPU
		{38A543DD-B080-4ACE-9C8E-99A88FCA26DC}.Release|Any CPU.Build.0 = Release|Any CPU
		{CE62EC34-3313-44E1-98F4-1C26F309D96E}.Debug|Any CPU.ActiveCfg = Debug|Any CPU
		{CE62EC34-3313-44E1-98F4-1C26F309D96E}.Debug|Any CPU.Build.0 = Debug|Any CPU
		{CE62EC34-3313-44E1-98F4-1C26F309D96E}.Release|Any CPU.ActiveCfg = Release|Any CPU
		{CE62EC34-3313-44E1-98F4-1C26F309D96E}.Release|Any CPU.Build.0 = Release|Any CPU
		{BA42C455-F9BB-4A9B-8779-8D6D90EAC952}.Debug|Any CPU.ActiveCfg = Debug|Any CPU
		{BA42C455-F9BB-4A9B-8779-8D6D90EAC952}.Debug|Any CPU.Build.0 = Debug|Any CPU
		{BA42C455-F9BB-4A9B-8779-8D6D90EAC952}.Release|Any CPU.ActiveCfg = Release|Any CPU
		{BA42C455-F9BB-4A9B-8779-8D6D90EAC952}.Release|Any CPU.Build.0 = Release|Any CPU
		{8090EF01-44FF-4AFB-8AC3-EEB2A5EBB64A}.Debug|Any CPU.ActiveCfg = Debug|Any CPU
		{8090EF01-44FF-4AFB-8AC3-EEB2A5EBB64A}.Debug|Any CPU.Build.0 = Debug|Any CPU
		{8090EF01-44FF-4AFB-8AC3-EEB2A5EBB64A}.Release|Any CPU.ActiveCfg = Release|Any CPU
		{8090EF01-44FF-4AFB-8AC3-EEB2A5EBB64A}.Release|Any CPU.Build.0 = Release|Any CPU
		{65810642-0712-45C7-AC02-6E329E344168}.Debug|Any CPU.ActiveCfg = Debug|Any CPU
		{65810642-0712-45C7-AC02-6E329E344168}.Debug|Any CPU.Build.0 = Debug|Any CPU
		{65810642-0712-45C7-AC02-6E329E344168}.Release|Any CPU.ActiveCfg = Release|Any CPU
		{65810642-0712-45C7-AC02-6E329E344168}.Release|Any CPU.Build.0 = Release|Any CPU
		{B0C36F00-CB14-4F13-9FE1-AC1205D3F997}.Debug|Any CPU.ActiveCfg = Debug|Any CPU
		{B0C36F00-CB14-4F13-9FE1-AC1205D3F997}.Debug|Any CPU.Build.0 = Debug|Any CPU
		{B0C36F00-CB14-4F13-9FE1-AC1205D3F997}.Release|Any CPU.ActiveCfg = Release|Any CPU
		{B0C36F00-CB14-4F13-9FE1-AC1205D3F997}.Release|Any CPU.Build.0 = Release|Any CPU
		{4F3947A6-94F7-4561-935B-6935A1A87A57}.Debug|Any CPU.ActiveCfg = Debug|Any CPU
		{4F3947A6-94F7-4561-935B-6935A1A87A57}.Debug|Any CPU.Build.0 = Debug|Any CPU
		{4F3947A6-94F7-4561-935B-6935A1A87A57}.Release|Any CPU.ActiveCfg = Release|Any CPU
		{4F3947A6-94F7-4561-935B-6935A1A87A57}.Release|Any CPU.Build.0 = Release|Any CPU
		{8CC1FC4A-C038-4DF2-AA5A-887148297E23}.Debug|Any CPU.ActiveCfg = Debug|Any CPU
		{8CC1FC4A-C038-4DF2-AA5A-887148297E23}.Debug|Any CPU.Build.0 = Debug|Any CPU
		{8CC1FC4A-C038-4DF2-AA5A-887148297E23}.Release|Any CPU.ActiveCfg = Release|Any CPU
		{8CC1FC4A-C038-4DF2-AA5A-887148297E23}.Release|Any CPU.Build.0 = Release|Any CPU
		{9F27BB0D-6AC4-4BA1-A855-41DF79D75FAB}.Debug|Any CPU.ActiveCfg = Debug|Any CPU
		{9F27BB0D-6AC4-4BA1-A855-41DF79D75FAB}.Debug|Any CPU.Build.0 = Debug|Any CPU
		{9F27BB0D-6AC4-4BA1-A855-41DF79D75FAB}.Release|Any CPU.ActiveCfg = Release|Any CPU
		{9F27BB0D-6AC4-4BA1-A855-41DF79D75FAB}.Release|Any CPU.Build.0 = Release|Any CPU
		{1B04846C-DA50-4CDF-B0C9-3FFCC3D3D9D1}.Debug|Any CPU.ActiveCfg = Debug|Any CPU
		{1B04846C-DA50-4CDF-B0C9-3FFCC3D3D9D1}.Debug|Any CPU.Build.0 = Debug|Any CPU
		{1B04846C-DA50-4CDF-B0C9-3FFCC3D3D9D1}.Release|Any CPU.ActiveCfg = Release|Any CPU
		{1B04846C-DA50-4CDF-B0C9-3FFCC3D3D9D1}.Release|Any CPU.Build.0 = Release|Any CPU
	EndGlobalSection
	GlobalSection(SolutionProperties) = preSolution
		HideSolutionNode = FALSE
	EndGlobalSection
	GlobalSection(NestedProjects) = preSolution
		{42C18B65-4D0F-471D-85D3-8BB35A6AB478} = {367D78EA-B74E-4706-B146-16C12B8AA9CE}
		{CE62EC34-3313-44E1-98F4-1C26F309D96E} = {E21F5001-67F7-4402-B087-85ECB422D175}
		{BA42C455-F9BB-4A9B-8779-8D6D90EAC952} = {E21F5001-67F7-4402-B087-85ECB422D175}
		{8090EF01-44FF-4AFB-8AC3-EEB2A5EBB64A} = {D098E9D1-116C-40FF-A28F-21F761FA584E}
		{65810642-0712-45C7-AC02-6E329E344168} = {D098E9D1-116C-40FF-A28F-21F761FA584E}
		{B0C36F00-CB14-4F13-9FE1-AC1205D3F997} = {D098E9D1-116C-40FF-A28F-21F761FA584E}
		{4F3947A6-94F7-4561-935B-6935A1A87A57} = {D098E9D1-116C-40FF-A28F-21F761FA584E}
		{8CC1FC4A-C038-4DF2-AA5A-887148297E23} = {D098E9D1-116C-40FF-A28F-21F761FA584E}
		{9F27BB0D-6AC4-4BA1-A855-41DF79D75FAB} = {D098E9D1-116C-40FF-A28F-21F761FA584E}
		{1B04846C-DA50-4CDF-B0C9-3FFCC3D3D9D1} = {D098E9D1-116C-40FF-A28F-21F761FA584E}
	EndGlobalSection
EndGlobal
